// !$*UTF8*$!
{
	archiveVersion = 1;
	classes = {
	};
	objectVersion = 46;
	objects = {

/* Begin PBXBuildFile section */
		D5EA8AA817DEAAA300B4FCAC /* MainViewController.xib in Resources */ = {isa = PBXBuildFile; fileRef = 9D63174610FEACD30041EE37 /* MainViewController.xib */; };
		D5EA8AA917DEAAA300B4FCAC /* MainWindow.xib in Resources */ = {isa = PBXBuildFile; fileRef = 9D63174710FEACD30041EE37 /* MainWindow.xib */; };
		D5EA8AAA17DEAAA300B4FCAC /* Icon.png in Resources */ = {isa = PBXBuildFile; fileRef = 9D5B3C5E1103D4E2003C8FCF /* Icon.png */; };
		D5EA8AAB17DEAAA300B4FCAC /* Entitlements.plist in Resources */ = {isa = PBXBuildFile; fileRef = 9D2224E41105E6A6003F4E04 /* Entitlements.plist */; };
		D5EA8AAC17DEAAA300B4FCAC /* iTunesArtwork in Resources */ = {isa = PBXBuildFile; fileRef = 9D211195110637FB009C3C7C /* iTunesArtwork */; };
		D5EA8AAD17DEAAA300B4FCAC /* Default.png in Resources */ = {isa = PBXBuildFile; fileRef = 9D94CB7F110E727700F8C260 /* Default.png */; };
		D5EA8AAE17DEAAA300B4FCAC /* polipo.config in Resources */ = {isa = PBXBuildFile; fileRef = 9D06AE951237D37400470CEC /* polipo.config */; };
		D5EA8AAF17DEAAA300B4FCAC /* silence.wav in Resources */ = {isa = PBXBuildFile; fileRef = 9D3438121242149300629728 /* silence.wav */; };
		D5EA8AB017DEAAA300B4FCAC /* Icon@2x.png in Resources */ = {isa = PBXBuildFile; fileRef = 9D3ECC611244F6BA002B5F7E /* Icon@2x.png */; };
		D5EA8AB117DEAAA300B4FCAC /* Icon-72.png in Resources */ = {isa = PBXBuildFile; fileRef = 9D3ECC631244F6C3002B5F7E /* Icon-72.png */; };
		D5EA8AB217DEAAA300B4FCAC /* Icon-Small.png in Resources */ = {isa = PBXBuildFile; fileRef = 9D3ECC651244F6CE002B5F7E /* Icon-Small.png */; };
		D5EA8AB317DEAAA300B4FCAC /* Icon-Small-50.png in Resources */ = {isa = PBXBuildFile; fileRef = 9D3ECC671244F6D9002B5F7E /* Icon-Small-50.png */; };
		D5EA8AB417DEAAA300B4FCAC /* Icon-Small@2x.png in Resources */ = {isa = PBXBuildFile; fileRef = 9D3ECC691244F6E3002B5F7E /* Icon-Small@2x.png */; };
		D5EA8AB517DEAAA300B4FCAC /* Icon-72-transparent.png in Resources */ = {isa = PBXBuildFile; fileRef = 9DF66E8A12483BE30012D66D /* Icon-72-transparent.png */; };
		D5EA8AB617DEAAA300B4FCAC /* InfoViewController.xib in Resources */ = {isa = PBXBuildFile; fileRef = 9DDA4C30124E466C00BF30F3 /* InfoViewController.xib */; };
		D5EA8AB717DEAAA300B4FCAC /* Default@2x.png in Resources */ = {isa = PBXBuildFile; fileRef = 9DDA4C7A124E4E2300BF30F3 /* Default@2x.png */; };
		D5EA8AB917DEAAA300B4FCAC /* AppDelegate.m in Sources */ = {isa = PBXBuildFile; fileRef = 9D63173410FEAC8B0041EE37 /* AppDelegate.m */; };
		D5EA8ABA17DEAAA300B4FCAC /* MainViewController.m in Sources */ = {isa = PBXBuildFile; fileRef = 9D63173610FEAC8B0041EE37 /* MainViewController.m */; };
		D5EA8ABB17DEAAA300B4FCAC /* main.m in Sources */ = {isa = PBXBuildFile; fileRef = 9D63173A10FEAC980041EE37 /* main.m */; };
		D5EA8ABC17DEAAA300B4FCAC /* PacFileResponse.m in Sources */ = {isa = PBXBuildFile; fileRef = 9D83D36111B9AF5C00A9922F /* PacFileResponse.m */; };
		D5EA8ABD17DEAAA300B4FCAC /* HTTPResponseHandler.m in Sources */ = {isa = PBXBuildFile; fileRef = 9D83D36311B9AF5C00A9922F /* HTTPResponseHandler.m */; };
		D5EA8ABE17DEAAA300B4FCAC /* HTTPServer.m in Sources */ = {isa = PBXBuildFile; fileRef = 9D83D36511B9AF5C00A9922F /* HTTPServer.m */; };
		D5EA8ABF17DEAAA300B4FCAC /* atom.c in Sources */ = {isa = PBXBuildFile; fileRef = 9D71D7B81237A598008538A1 /* atom.c */; };
		D5EA8AC017DEAAA300B4FCAC /* auth.c in Sources */ = {isa = PBXBuildFile; fileRef = 9D71D7BA1237A598008538A1 /* auth.c */; };
		D5EA8AC117DEAAA300B4FCAC /* chunk.c in Sources */ = {isa = PBXBuildFile; fileRef = 9D71D7BC1237A598008538A1 /* chunk.c */; };
		D5EA8AC217DEAAA300B4FCAC /* client.c in Sources */ = {isa = PBXBuildFile; fileRef = 9D71D7BE1237A598008538A1 /* client.c */; };
		D5EA8AC317DEAAA300B4FCAC /* config.c in Sources */ = {isa = PBXBuildFile; fileRef = 9D71D7C01237A598008538A1 /* config.c */; };
		D5EA8AC417DEAAA300B4FCAC /* diskcache.c in Sources */ = {isa = PBXBuildFile; fileRef = 9D71D7C21237A598008538A1 /* diskcache.c */; };
		D5EA8AC517DEAAA300B4FCAC /* dns.c in Sources */ = {isa = PBXBuildFile; fileRef = 9D71D7C41237A598008538A1 /* dns.c */; };
		D5EA8AC617DEAAA300B4FCAC /* event.c in Sources */ = {isa = PBXBuildFile; fileRef = 9D71D7C61237A598008538A1 /* event.c */; };
		D5EA8AC717DEAAA300B4FCAC /* forbidden.c in Sources */ = {isa = PBXBuildFile; fileRef = 9D71D7C81237A598008538A1 /* forbidden.c */; };
		D5EA8AC817DEAAA300B4FCAC /* fts_compat.c in Sources */ = {isa = PBXBuildFile; fileRef = 9D71D7CA1237A598008538A1 /* fts_compat.c */; };
		D5EA8AC917DEAAA300B4FCAC /* ftsimport.c in Sources */ = {isa = PBXBuildFile; fileRef = 9D71D7CC1237A598008538A1 /* ftsimport.c */; };
		D5EA8ACA17DEAAA300B4FCAC /* http_parse.c in Sources */ = {isa = PBXBuildFile; fileRef = 9D71D7CE1237A598008538A1 /* http_parse.c */; };
		D5EA8ACB17DEAAA300B4FCAC /* http.c in Sources */ = {isa = PBXBuildFile; fileRef = 9D71D7D01237A598008538A1 /* http.c */; };
		D5EA8ACC17DEAAA300B4FCAC /* io.c in Sources */ = {isa = PBXBuildFile; fileRef = 9D71D7D21237A598008538A1 /* io.c */; };
		D5EA8ACD17DEAAA300B4FCAC /* local.c in Sources */ = {isa = PBXBuildFile; fileRef = 9D71D7D41237A598008538A1 /* local.c */; };
		D5EA8ACE17DEAAA300B4FCAC /* log.c in Sources */ = {isa = PBXBuildFile; fileRef = 9D71D7D61237A598008538A1 /* log.c */; };
		D5EA8ACF17DEAAA300B4FCAC /* main.c in Sources */ = {isa = PBXBuildFile; fileRef = 9D71D7D81237A598008538A1 /* main.c */; };
		D5EA8AD017DEAAA300B4FCAC /* md5.c in Sources */ = {isa = PBXBuildFile; fileRef = 9D71D7D91237A598008538A1 /* md5.c */; };
		D5EA8AD117DEAAA300B4FCAC /* mingw.c in Sources */ = {isa = PBXBuildFile; fileRef = 9D71D7DD1237A598008538A1 /* mingw.c */; };
		D5EA8AD217DEAAA300B4FCAC /* object.c in Sources */ = {isa = PBXBuildFile; fileRef = 9D71D7DF1237A598008538A1 /* object.c */; };
		D5EA8AD317DEAAA300B4FCAC /* parse_time.c in Sources */ = {isa = PBXBuildFile; fileRef = 9D71D7E11237A598008538A1 /* parse_time.c */; };
		D5EA8AD417DEAAA300B4FCAC /* server.c in Sources */ = {isa = PBXBuildFile; fileRef = 9D71D7E41237A598008538A1 /* server.c */; };
		D5EA8AD517DEAAA300B4FCAC /* socks.c in Sources */ = {isa = PBXBuildFile; fileRef = 9D71D7E61237A598008538A1 /* socks.c */; };
		D5EA8AD617DEAAA300B4FCAC /* tunnel.c in Sources */ = {isa = PBXBuildFile; fileRef = 9D71D7E81237A598008538A1 /* tunnel.c */; };
		D5EA8AD717DEAAA300B4FCAC /* util.c in Sources */ = {isa = PBXBuildFile; fileRef = 9D71D7EA1237A598008538A1 /* util.c */; };
		D5EA8AD817DEAAA300B4FCAC /* UIDeviceAdditions.m in Sources */ = {isa = PBXBuildFile; fileRef = 9DF66D6612482B170012D66D /* UIDeviceAdditions.m */; };
		D5EA8AD917DEAAA300B4FCAC /* UIViewAdditions.m in Sources */ = {isa = PBXBuildFile; fileRef = 9DF66DAF124830AF0012D66D /* UIViewAdditions.m */; };
		D5EA8ADA17DEAAA300B4FCAC /* auth-pwd.c in Sources */ = {isa = PBXBuildFile; fileRef = 9D7AC11A124BD80C00A31FE2 /* auth-pwd.c */; };
		D5EA8ADB17DEAAA300B4FCAC /* get-bind.c in Sources */ = {isa = PBXBuildFile; fileRef = 9D7AC121124BD80C00A31FE2 /* get-bind.c */; };
		D5EA8ADC17DEAAA300B4FCAC /* init.c in Sources */ = {isa = PBXBuildFile; fileRef = 9D7AC122124BD80C00A31FE2 /* init.c */; };
		D5EA8ADD17DEAAA300B4FCAC /* main.c in Sources */ = {isa = PBXBuildFile; fileRef = 9D7AC125124BD80C00A31FE2 /* main.c */; };
		D5EA8ADE17DEAAA300B4FCAC /* readconf.c in Sources */ = {isa = PBXBuildFile; fileRef = 9D7AC127124BD80C00A31FE2 /* readconf.c */; };
		D5EA8ADF17DEAAA300B4FCAC /* relay.c in Sources */ = {isa = PBXBuildFile; fileRef = 9D7AC128124BD80C00A31FE2 /* relay.c */; };
		D5EA8AE017DEAAA300B4FCAC /* socks.c in Sources */ = {isa = PBXBuildFile; fileRef = 9D7AC12F124BD80C00A31FE2 /* socks.c */; };
		D5EA8AE117DEAAA300B4FCAC /* util.c in Sources */ = {isa = PBXBuildFile; fileRef = 9D7AC134124BD80C00A31FE2 /* util.c */; };
		D5EA8AE217DEAAA300B4FCAC /* InfoViewController.m in Sources */ = {isa = PBXBuildFile; fileRef = 9DDA4C2C124E460D00BF30F3 /* InfoViewController.m */; };
		D5EA8AE317DEAAA300B4FCAC /* NSStringAdditions.m in Sources */ = {isa = PBXBuildFile; fileRef = 9D79C2BE124E7173008F7F98 /* NSStringAdditions.m */; };
		D5EA8AE517DEAAA300B4FCAC /* Foundation.framework in Frameworks */ = {isa = PBXBuildFile; fileRef = 1D30AB110D05D00D00671497 /* Foundation.framework */; };
		D5EA8AE617DEAAA300B4FCAC /* UIKit.framework in Frameworks */ = {isa = PBXBuildFile; fileRef = 1DF5F4DF0D08C38300B7A737 /* UIKit.framework */; settings = {ATTRIBUTES = (Weak, ); }; };
		D5EA8AE717DEAAA300B4FCAC /* CoreGraphics.framework in Frameworks */ = {isa = PBXBuildFile; fileRef = 288765A40DF7441C002DB57D /* CoreGraphics.framework */; };
		D5EA8AE817DEAAA300B4FCAC /* CFNetwork.framework in Frameworks */ = {isa = PBXBuildFile; fileRef = 3A18D6B3119DC7E300C56A7A /* CFNetwork.framework */; };
		D5EA8AE917DEAAA300B4FCAC /* MessageUI.framework in Frameworks */ = {isa = PBXBuildFile; fileRef = 0275613D124AD4AD00B64593 /* MessageUI.framework */; };
		D5EA8AEA17DEAAA300B4FCAC /* MobileCoreServices.framework in Frameworks */ = {isa = PBXBuildFile; fileRef = 020BC9CD124ADBD000E2E1F2 /* MobileCoreServices.framework */; };
		D5EA8AEB17DEAAA300B4FCAC /* AVFoundation.framework in Frameworks */ = {isa = PBXBuildFile; fileRef = 9D3437F812420C5A00629728 /* AVFoundation.framework */; };
		D5EA8AEC17DEAAA300B4FCAC /* QuartzCore.framework in Frameworks */ = {isa = PBXBuildFile; fileRef = 9DF66E4B124839050012D66D /* QuartzCore.framework */; };
/* End PBXBuildFile section */

/* Begin PBXFileReference section */
		020BC9CD124ADBD000E2E1F2 /* MobileCoreServices.framework */ = {isa = PBXFileReference; lastKnownFileType = wrapper.framework; name = MobileCoreServices.framework; path = System/Library/Frameworks/MobileCoreServices.framework; sourceTree = SDKROOT; };
		0267229C12444EA000A2EACF /* Cocoa.framework */ = {isa = PBXFileReference; lastKnownFileType = wrapper.framework; name = Cocoa.framework; path = System/Library/Frameworks/Cocoa.framework; sourceTree = SDKROOT; };
		0275613D124AD4AD00B64593 /* MessageUI.framework */ = {isa = PBXFileReference; lastKnownFileType = wrapper.framework; name = MessageUI.framework; path = System/Library/Frameworks/MessageUI.framework; sourceTree = SDKROOT; };
		1D30AB110D05D00D00671497 /* Foundation.framework */ = {isa = PBXFileReference; lastKnownFileType = wrapper.framework; name = Foundation.framework; path = System/Library/Frameworks/Foundation.framework; sourceTree = SDKROOT; };
		1DF5F4DF0D08C38300B7A737 /* UIKit.framework */ = {isa = PBXFileReference; lastKnownFileType = wrapper.framework; name = UIKit.framework; path = System/Library/Frameworks/UIKit.framework; sourceTree = SDKROOT; };
		288765A40DF7441C002DB57D /* CoreGraphics.framework */ = {isa = PBXFileReference; lastKnownFileType = wrapper.framework; name = CoreGraphics.framework; path = System/Library/Frameworks/CoreGraphics.framework; sourceTree = SDKROOT; };
		3A18D6B3119DC7E300C56A7A /* CFNetwork.framework */ = {isa = PBXFileReference; lastKnownFileType = wrapper.framework; name = CFNetwork.framework; path = System/Library/Frameworks/CFNetwork.framework; sourceTree = SDKROOT; };
		9D06AE951237D37400470CEC /* polipo.config */ = {isa = PBXFileReference; fileEncoding = 4; lastKnownFileType = text; name = polipo.config; path = Resources/polipo.config; sourceTree = "<group>"; };
		9D211195110637FB009C3C7C /* iTunesArtwork */ = {isa = PBXFileReference; lastKnownFileType = file; name = iTunesArtwork; path = Resources/iTunesArtwork; sourceTree = "<group>"; };
		9D2224E41105E6A6003F4E04 /* Entitlements.plist */ = {isa = PBXFileReference; fileEncoding = 4; lastKnownFileType = text.plist.xml; name = Entitlements.plist; path = Resources/Entitlements.plist; sourceTree = "<group>"; };
		9D3437F812420C5A00629728 /* AVFoundation.framework */ = {isa = PBXFileReference; lastKnownFileType = wrapper.framework; name = AVFoundation.framework; path = System/Library/Frameworks/AVFoundation.framework; sourceTree = SDKROOT; };
		9D3438121242149300629728 /* silence.wav */ = {isa = PBXFileReference; lastKnownFileType = audio.wav; name = silence.wav; path = Resources/silence.wav; sourceTree = "<group>"; };
		9D3ECC611244F6BA002B5F7E /* Icon@2x.png */ = {isa = PBXFileReference; lastKnownFileType = image.png; name = "Icon@2x.png"; path = "Resources/Icon@2x.png"; sourceTree = "<group>"; };
		9D3ECC631244F6C3002B5F7E /* Icon-72.png */ = {isa = PBXFileReference; lastKnownFileType = image.png; name = "Icon-72.png"; path = "Resources/Icon-72.png"; sourceTree = "<group>"; };
		9D3ECC651244F6CE002B5F7E /* Icon-Small.png */ = {isa = PBXFileReference; lastKnownFileType = image.png; name = "Icon-Small.png"; path = "Resources/Icon-Small.png"; sourceTree = "<group>"; };
		9D3ECC671244F6D9002B5F7E /* Icon-Small-50.png */ = {isa = PBXFileReference; lastKnownFileType = image.png; name = "Icon-Small-50.png"; path = "Resources/Icon-Small-50.png"; sourceTree = "<group>"; };
		9D3ECC691244F6E3002B5F7E /* Icon-Small@2x.png */ = {isa = PBXFileReference; lastKnownFileType = image.png; name = "Icon-Small@2x.png"; path = "Resources/Icon-Small@2x.png"; sourceTree = "<group>"; };
		9D5B3C5E1103D4E2003C8FCF /* Icon.png */ = {isa = PBXFileReference; lastKnownFileType = image.png; name = Icon.png; path = Resources/Icon.png; sourceTree = "<group>"; };
		9D63173310FEAC8B0041EE37 /* AppDelegate.h */ = {isa = PBXFileReference; fileEncoding = 4; lastKnownFileType = sourcecode.c.h; name = AppDelegate.h; path = Sources/AppDelegate.h; sourceTree = "<group>"; };
		9D63173410FEAC8B0041EE37 /* AppDelegate.m */ = {isa = PBXFileReference; fileEncoding = 4; lastKnownFileType = sourcecode.c.objc; name = AppDelegate.m; path = Sources/AppDelegate.m; sourceTree = "<group>"; };
		9D63173510FEAC8B0041EE37 /* MainViewController.h */ = {isa = PBXFileReference; fileEncoding = 4; lastKnownFileType = sourcecode.c.h; name = MainViewController.h; path = Sources/MainViewController.h; sourceTree = "<group>"; };
		9D63173610FEAC8B0041EE37 /* MainViewController.m */ = {isa = PBXFileReference; fileEncoding = 4; lastKnownFileType = sourcecode.c.objc; name = MainViewController.m; path = Sources/MainViewController.m; sourceTree = "<group>"; };
		9D63173710FEAC8B0041EE37 /* route.h */ = {isa = PBXFileReference; fileEncoding = 4; lastKnownFileType = sourcecode.c.h; name = route.h; path = Sources/route.h; sourceTree = "<group>"; };
		9D63173A10FEAC980041EE37 /* main.m */ = {isa = PBXFileReference; fileEncoding = 4; lastKnownFileType = sourcecode.c.objc; name = main.m; path = Sources/main.m; sourceTree = "<group>"; };
		9D63173B10FEAC980041EE37 /* Prefix.pch */ = {isa = PBXFileReference; fileEncoding = 4; lastKnownFileType = sourcecode.c.h; name = Prefix.pch; path = Sources/Prefix.pch; sourceTree = "<group>"; };
		9D63174510FEACD30041EE37 /* Info.plist */ = {isa = PBXFileReference; fileEncoding = 4; lastKnownFileType = text.plist.xml; name = Info.plist; path = Resources/Info.plist; sourceTree = "<group>"; };
		9D63174610FEACD30041EE37 /* MainViewController.xib */ = {isa = PBXFileReference; lastKnownFileType = file.xib; name = MainViewController.xib; path = Resources/MainViewController.xib; sourceTree = "<group>"; };
		9D63174710FEACD30041EE37 /* MainWindow.xib */ = {isa = PBXFileReference; lastKnownFileType = file.xib; name = MainWindow.xib; path = Resources/MainWindow.xib; sourceTree = "<group>"; };
		9D71D7B81237A598008538A1 /* atom.c */ = {isa = PBXFileReference; fileEncoding = 4; lastKnownFileType = sourcecode.c.c; name = atom.c; path = "Frameworks/polipo-20091115/atom.c"; sourceTree = "<group>"; };
		9D71D7B91237A598008538A1 /* atom.h */ = {isa = PBXFileReference; fileEncoding = 4; lastKnownFileType = sourcecode.c.h; name = atom.h; path = "Frameworks/polipo-20091115/atom.h"; sourceTree = "<group>"; };
		9D71D7BA1237A598008538A1 /* auth.c */ = {isa = PBXFileReference; fileEncoding = 4; lastKnownFileType = sourcecode.c.c; name = auth.c; path = "Frameworks/polipo-20091115/auth.c"; sourceTree = "<group>"; };
		9D71D7BB1237A598008538A1 /* auth.h */ = {isa = PBXFileReference; fileEncoding = 4; lastKnownFileType = sourcecode.c.h; name = auth.h; path = "Frameworks/polipo-20091115/auth.h"; sourceTree = "<group>"; };
		9D71D7BC1237A598008538A1 /* chunk.c */ = {isa = PBXFileReference; fileEncoding = 4; lastKnownFileType = sourcecode.c.c; name = chunk.c; path = "Frameworks/polipo-20091115/chunk.c"; sourceTree = "<group>"; };
		9D71D7BD1237A598008538A1 /* chunk.h */ = {isa = PBXFileReference; fileEncoding = 4; lastKnownFileType = sourcecode.c.h; name = chunk.h; path = "Frameworks/polipo-20091115/chunk.h"; sourceTree = "<group>"; };
		9D71D7BE1237A598008538A1 /* client.c */ = {isa = PBXFileReference; fileEncoding = 4; lastKnownFileType = sourcecode.c.c; name = client.c; path = "Frameworks/polipo-20091115/client.c"; sourceTree = "<group>"; };
		9D71D7BF1237A598008538A1 /* client.h */ = {isa = PBXFileReference; fileEncoding = 4; lastKnownFileType = sourcecode.c.h; name = client.h; path = "Frameworks/polipo-20091115/client.h"; sourceTree = "<group>"; };
		9D71D7C01237A598008538A1 /* config.c */ = {isa = PBXFileReference; fileEncoding = 4; lastKnownFileType = sourcecode.c.c; name = config.c; path = "Frameworks/polipo-20091115/config.c"; sourceTree = "<group>"; };
		9D71D7C11237A598008538A1 /* config.h */ = {isa = PBXFileReference; fileEncoding = 4; lastKnownFileType = sourcecode.c.h; name = config.h; path = "Frameworks/polipo-20091115/config.h"; sourceTree = "<group>"; };
		9D71D7C21237A598008538A1 /* diskcache.c */ = {isa = PBXFileReference; fileEncoding = 4; lastKnownFileType = sourcecode.c.c; name = diskcache.c; path = "Frameworks/polipo-20091115/diskcache.c"; sourceTree = "<group>"; };
		9D71D7C31237A598008538A1 /* diskcache.h */ = {isa = PBXFileReference; fileEncoding = 4; lastKnownFileType = sourcecode.c.h; name = diskcache.h; path = "Frameworks/polipo-20091115/diskcache.h"; sourceTree = "<group>"; };
		9D71D7C41237A598008538A1 /* dns.c */ = {isa = PBXFileReference; fileEncoding = 4; lastKnownFileType = sourcecode.c.c; name = dns.c; path = "Frameworks/polipo-20091115/dns.c"; sourceTree = "<group>"; };
		9D71D7C51237A598008538A1 /* dns.h */ = {isa = PBXFileReference; fileEncoding = 4; lastKnownFileType = sourcecode.c.h; name = dns.h; path = "Frameworks/polipo-20091115/dns.h"; sourceTree = "<group>"; };
		9D71D7C61237A598008538A1 /* event.c */ = {isa = PBXFileReference; fileEncoding = 4; lastKnownFileType = sourcecode.c.c; name = event.c; path = "Frameworks/polipo-20091115/event.c"; sourceTree = "<group>"; };
		9D71D7C71237A598008538A1 /* event.h */ = {isa = PBXFileReference; fileEncoding = 4; lastKnownFileType = sourcecode.c.h; name = event.h; path = "Frameworks/polipo-20091115/event.h"; sourceTree = "<group>"; };
		9D71D7C81237A598008538A1 /* forbidden.c */ = {isa = PBXFileReference; fileEncoding = 4; lastKnownFileType = sourcecode.c.c; name = forbidden.c; path = "Frameworks/polipo-20091115/forbidden.c"; sourceTree = "<group>"; };
		9D71D7C91237A598008538A1 /* forbidden.h */ = {isa = PBXFileReference; fileEncoding = 4; lastKnownFileType = sourcecode.c.h; name = forbidden.h; path = "Frameworks/polipo-20091115/forbidden.h"; sourceTree = "<group>"; };
		9D71D7CA1237A598008538A1 /* fts_compat.c */ = {isa = PBXFileReference; fileEncoding = 4; lastKnownFileType = sourcecode.c.c; name = fts_compat.c; path = "Frameworks/polipo-20091115/fts_compat.c"; sourceTree = "<group>"; };
		9D71D7CB1237A598008538A1 /* fts_compat.h */ = {isa = PBXFileReference; fileEncoding = 4; lastKnownFileType = sourcecode.c.h; name = fts_compat.h; path = "Frameworks/polipo-20091115/fts_compat.h"; sourceTree = "<group>"; };
		9D71D7CC1237A598008538A1 /* ftsimport.c */ = {isa = PBXFileReference; fileEncoding = 4; lastKnownFileType = sourcecode.c.c; name = ftsimport.c; path = "Frameworks/polipo-20091115/ftsimport.c"; sourceTree = "<group>"; };
		9D71D7CD1237A598008538A1 /* ftsimport.h */ = {isa = PBXFileReference; fileEncoding = 4; lastKnownFileType = sourcecode.c.h; name = ftsimport.h; path = "Frameworks/polipo-20091115/ftsimport.h"; sourceTree = "<group>"; };
		9D71D7CE1237A598008538A1 /* http_parse.c */ = {isa = PBXFileReference; fileEncoding = 4; lastKnownFileType = sourcecode.c.c; name = http_parse.c; path = "Frameworks/polipo-20091115/http_parse.c"; sourceTree = "<group>"; };
		9D71D7CF1237A598008538A1 /* http_parse.h */ = {isa = PBXFileReference; fileEncoding = 4; lastKnownFileType = sourcecode.c.h; name = http_parse.h; path = "Frameworks/polipo-20091115/http_parse.h"; sourceTree = "<group>"; };
		9D71D7D01237A598008538A1 /* http.c */ = {isa = PBXFileReference; fileEncoding = 4; lastKnownFileType = sourcecode.c.c; name = http.c; path = "Frameworks/polipo-20091115/http.c"; sourceTree = "<group>"; };
		9D71D7D11237A598008538A1 /* http.h */ = {isa = PBXFileReference; fileEncoding = 4; lastKnownFileType = sourcecode.c.h; name = http.h; path = "Frameworks/polipo-20091115/http.h"; sourceTree = "<group>"; };
		9D71D7D21237A598008538A1 /* io.c */ = {isa = PBXFileReference; fileEncoding = 4; lastKnownFileType = sourcecode.c.c; name = io.c; path = "Frameworks/polipo-20091115/io.c"; sourceTree = "<group>"; };
		9D71D7D31237A598008538A1 /* io.h */ = {isa = PBXFileReference; fileEncoding = 4; lastKnownFileType = sourcecode.c.h; name = io.h; path = "Frameworks/polipo-20091115/io.h"; sourceTree = "<group>"; };
		9D71D7D41237A598008538A1 /* local.c */ = {isa = PBXFileReference; fileEncoding = 4; lastKnownFileType = sourcecode.c.c; name = local.c; path = "Frameworks/polipo-20091115/local.c"; sourceTree = "<group>"; };
		9D71D7D51237A598008538A1 /* local.h */ = {isa = PBXFileReference; fileEncoding = 4; lastKnownFileType = sourcecode.c.h; name = local.h; path = "Frameworks/polipo-20091115/local.h"; sourceTree = "<group>"; };
		9D71D7D61237A598008538A1 /* log.c */ = {isa = PBXFileReference; fileEncoding = 4; lastKnownFileType = sourcecode.c.c; name = log.c; path = "Frameworks/polipo-20091115/log.c"; sourceTree = "<group>"; };
		9D71D7D71237A598008538A1 /* log.h */ = {isa = PBXFileReference; fileEncoding = 4; lastKnownFileType = sourcecode.c.h; name = log.h; path = "Frameworks/polipo-20091115/log.h"; sourceTree = "<group>"; };
		9D71D7D81237A598008538A1 /* main.c */ = {isa = PBXFileReference; fileEncoding = 4; lastKnownFileType = sourcecode.c.c; name = main.c; path = "Frameworks/polipo-20091115/main.c"; sourceTree = "<group>"; };
		9D71D7D91237A598008538A1 /* md5.c */ = {isa = PBXFileReference; fileEncoding = 4; lastKnownFileType = sourcecode.c.c; name = md5.c; path = "Frameworks/polipo-20091115/md5.c"; sourceTree = "<group>"; };
		9D71D7DA1237A598008538A1 /* md5.h */ = {isa = PBXFileReference; fileEncoding = 4; lastKnownFileType = sourcecode.c.h; name = md5.h; path = "Frameworks/polipo-20091115/md5.h"; sourceTree = "<group>"; };
		9D71D7DD1237A598008538A1 /* mingw.c */ = {isa = PBXFileReference; fileEncoding = 4; lastKnownFileType = sourcecode.c.c; name = mingw.c; path = "Frameworks/polipo-20091115/mingw.c"; sourceTree = "<group>"; };
		9D71D7DE1237A598008538A1 /* mingw.h */ = {isa = PBXFileReference; fileEncoding = 4; lastKnownFileType = sourcecode.c.h; name = mingw.h; path = "Frameworks/polipo-20091115/mingw.h"; sourceTree = "<group>"; };
		9D71D7DF1237A598008538A1 /* object.c */ = {isa = PBXFileReference; fileEncoding = 4; lastKnownFileType = sourcecode.c.c; name = object.c; path = "Frameworks/polipo-20091115/object.c"; sourceTree = "<group>"; };
		9D71D7E01237A598008538A1 /* object.h */ = {isa = PBXFileReference; fileEncoding = 4; lastKnownFileType = sourcecode.c.h; name = object.h; path = "Frameworks/polipo-20091115/object.h"; sourceTree = "<group>"; };
		9D71D7E11237A598008538A1 /* parse_time.c */ = {isa = PBXFileReference; fileEncoding = 4; lastKnownFileType = sourcecode.c.c; name = parse_time.c; path = "Frameworks/polipo-20091115/parse_time.c"; sourceTree = "<group>"; };
		9D71D7E21237A598008538A1 /* parse_time.h */ = {isa = PBXFileReference; fileEncoding = 4; lastKnownFileType = sourcecode.c.h; name = parse_time.h; path = "Frameworks/polipo-20091115/parse_time.h"; sourceTree = "<group>"; };
		9D71D7E31237A598008538A1 /* polipo.h */ = {isa = PBXFileReference; fileEncoding = 4; lastKnownFileType = sourcecode.c.h; name = polipo.h; path = "Frameworks/polipo-20091115/polipo.h"; sourceTree = "<group>"; };
		9D71D7E41237A598008538A1 /* server.c */ = {isa = PBXFileReference; fileEncoding = 4; lastKnownFileType = sourcecode.c.c; name = server.c; path = "Frameworks/polipo-20091115/server.c"; sourceTree = "<group>"; };
		9D71D7E51237A598008538A1 /* server.h */ = {isa = PBXFileReference; fileEncoding = 4; lastKnownFileType = sourcecode.c.h; name = server.h; path = "Frameworks/polipo-20091115/server.h"; sourceTree = "<group>"; };
		9D71D7E61237A598008538A1 /* socks.c */ = {isa = PBXFileReference; fileEncoding = 4; lastKnownFileType = sourcecode.c.c; name = socks.c; path = "Frameworks/polipo-20091115/socks.c"; sourceTree = "<group>"; };
		9D71D7E71237A598008538A1 /* socks.h */ = {isa = PBXFileReference; fileEncoding = 4; lastKnownFileType = sourcecode.c.h; name = socks.h; path = "Frameworks/polipo-20091115/socks.h"; sourceTree = "<group>"; };
		9D71D7E81237A598008538A1 /* tunnel.c */ = {isa = PBXFileReference; fileEncoding = 4; lastKnownFileType = sourcecode.c.c; name = tunnel.c; path = "Frameworks/polipo-20091115/tunnel.c"; sourceTree = "<group>"; };
		9D71D7E91237A598008538A1 /* tunnel.h */ = {isa = PBXFileReference; fileEncoding = 4; lastKnownFileType = sourcecode.c.h; name = tunnel.h; path = "Frameworks/polipo-20091115/tunnel.h"; sourceTree = "<group>"; };
		9D71D7EA1237A598008538A1 /* util.c */ = {isa = PBXFileReference; fileEncoding = 4; lastKnownFileType = sourcecode.c.c; name = util.c; path = "Frameworks/polipo-20091115/util.c"; sourceTree = "<group>"; };
		9D71D7EB1237A598008538A1 /* util.h */ = {isa = PBXFileReference; fileEncoding = 4; lastKnownFileType = sourcecode.c.h; name = util.h; path = "Frameworks/polipo-20091115/util.h"; sourceTree = "<group>"; };
		9D79C2BD124E7173008F7F98 /* NSStringAdditions.h */ = {isa = PBXFileReference; fileEncoding = 4; lastKnownFileType = sourcecode.c.h; name = NSStringAdditions.h; path = Sources/NSStringAdditions.h; sourceTree = "<group>"; };
		9D79C2BE124E7173008F7F98 /* NSStringAdditions.m */ = {isa = PBXFileReference; fileEncoding = 4; lastKnownFileType = sourcecode.c.objc; name = NSStringAdditions.m; path = Sources/NSStringAdditions.m; sourceTree = "<group>"; };
		9D7AC11A124BD80C00A31FE2 /* auth-pwd.c */ = {isa = PBXFileReference; fileEncoding = 4; lastKnownFileType = sourcecode.c.c; path = "auth-pwd.c"; sourceTree = "<group>"; };
		9D7AC121124BD80C00A31FE2 /* get-bind.c */ = {isa = PBXFileReference; fileEncoding = 4; lastKnownFileType = sourcecode.c.c; path = "get-bind.c"; sourceTree = "<group>"; };
		9D7AC122124BD80C00A31FE2 /* init.c */ = {isa = PBXFileReference; fileEncoding = 4; lastKnownFileType = sourcecode.c.c; path = init.c; sourceTree = "<group>"; };
		9D7AC125124BD80C00A31FE2 /* main.c */ = {isa = PBXFileReference; fileEncoding = 4; lastKnownFileType = sourcecode.c.c; path = main.c; sourceTree = "<group>"; };
		9D7AC127124BD80C00A31FE2 /* readconf.c */ = {isa = PBXFileReference; fileEncoding = 4; lastKnownFileType = sourcecode.c.c; path = readconf.c; sourceTree = "<group>"; };
		9D7AC128124BD80C00A31FE2 /* relay.c */ = {isa = PBXFileReference; fileEncoding = 4; lastKnownFileType = sourcecode.c.c; path = relay.c; sourceTree = "<group>"; };
		9D7AC12F124BD80C00A31FE2 /* socks.c */ = {isa = PBXFileReference; fileEncoding = 4; lastKnownFileType = sourcecode.c.c; path = socks.c; sourceTree = "<group>"; };
		9D7AC132124BD80C00A31FE2 /* srelay.h */ = {isa = PBXFileReference; fileEncoding = 4; lastKnownFileType = sourcecode.c.h; path = srelay.h; sourceTree = "<group>"; };
		9D7AC134124BD80C00A31FE2 /* util.c */ = {isa = PBXFileReference; fileEncoding = 4; lastKnownFileType = sourcecode.c.c; path = util.c; sourceTree = "<group>"; };
		9D7AC135124BD80C00A31FE2 /* v6defs.h */ = {isa = PBXFileReference; fileEncoding = 4; lastKnownFileType = sourcecode.c.h; path = v6defs.h; sourceTree = "<group>"; };
		9D83D36011B9AF5C00A9922F /* PacFileResponse.h */ = {isa = PBXFileReference; fileEncoding = 4; lastKnownFileType = sourcecode.c.h; name = PacFileResponse.h; path = Sources/PacFileResponse.h; sourceTree = "<group>"; };
		9D83D36111B9AF5C00A9922F /* PacFileResponse.m */ = {isa = PBXFileReference; fileEncoding = 4; lastKnownFileType = sourcecode.c.objc; name = PacFileResponse.m; path = Sources/PacFileResponse.m; sourceTree = "<group>"; };
		9D83D36211B9AF5C00A9922F /* HTTPResponseHandler.h */ = {isa = PBXFileReference; fileEncoding = 4; lastKnownFileType = sourcecode.c.h; name = HTTPResponseHandler.h; path = Sources/HTTPResponseHandler.h; sourceTree = "<group>"; };
		9D83D36311B9AF5C00A9922F /* HTTPResponseHandler.m */ = {isa = PBXFileReference; fileEncoding = 4; lastKnownFileType = sourcecode.c.objc; name = HTTPResponseHandler.m; path = Sources/HTTPResponseHandler.m; sourceTree = "<group>"; };
		9D83D36411B9AF5C00A9922F /* HTTPServer.h */ = {isa = PBXFileReference; fileEncoding = 4; lastKnownFileType = sourcecode.c.h; name = HTTPServer.h; path = Sources/HTTPServer.h; sourceTree = "<group>"; };
		9D83D36511B9AF5C00A9922F /* HTTPServer.m */ = {isa = PBXFileReference; fileEncoding = 4; lastKnownFileType = sourcecode.c.objc; name = HTTPServer.m; path = Sources/HTTPServer.m; sourceTree = "<group>"; };
		9D83D36611B9AF5C00A9922F /* SynthesizeSingleton.h */ = {isa = PBXFileReference; fileEncoding = 4; lastKnownFileType = sourcecode.c.h; name = SynthesizeSingleton.h; path = Sources/SynthesizeSingleton.h; sourceTree = "<group>"; };
		9D94CB7F110E727700F8C260 /* Default.png */ = {isa = PBXFileReference; lastKnownFileType = image.png; name = Default.png; path = Resources/Default.png; sourceTree = "<group>"; };
		9DDA4C2B124E460D00BF30F3 /* InfoViewController.h */ = {isa = PBXFileReference; fileEncoding = 4; lastKnownFileType = sourcecode.c.h; name = InfoViewController.h; path = Sources/InfoViewController.h; sourceTree = "<group>"; };
		9DDA4C2C124E460D00BF30F3 /* InfoViewController.m */ = {isa = PBXFileReference; fileEncoding = 4; lastKnownFileType = sourcecode.c.objc; name = InfoViewController.m; path = Sources/InfoViewController.m; sourceTree = "<group>"; };
		9DDA4C30124E466C00BF30F3 /* InfoViewController.xib */ = {isa = PBXFileReference; lastKnownFileType = file.xib; name = InfoViewController.xib; path = Resources/InfoViewController.xib; sourceTree = "<group>"; };
		9DDA4C7A124E4E2300BF30F3 /* Default@2x.png */ = {isa = PBXFileReference; lastKnownFileType = image.png; name = "Default@2x.png"; path = "Resources/Default@2x.png"; sourceTree = "<group>"; };
		9DF66D6512482B170012D66D /* UIDeviceAdditions.h */ = {isa = PBXFileReference; fileEncoding = 4; lastKnownFileType = sourcecode.c.h; name = UIDeviceAdditions.h; path = Sources/UIDeviceAdditions.h; sourceTree = "<group>"; };
		9DF66D6612482B170012D66D /* UIDeviceAdditions.m */ = {isa = PBXFileReference; fileEncoding = 4; lastKnownFileType = sourcecode.c.objc; name = UIDeviceAdditions.m; path = Sources/UIDeviceAdditions.m; sourceTree = "<group>"; };
		9DF66DAE124830AF0012D66D /* UIViewAdditions.h */ = {isa = PBXFileReference; fileEncoding = 4; lastKnownFileType = sourcecode.c.h; name = UIViewAdditions.h; path = Sources/UIViewAdditions.h; sourceTree = "<group>"; };
		9DF66DAF124830AF0012D66D /* UIViewAdditions.m */ = {isa = PBXFileReference; fileEncoding = 4; lastKnownFileType = sourcecode.c.objc; name = UIViewAdditions.m; path = Sources/UIViewAdditions.m; sourceTree = "<group>"; };
		9DF66E4B124839050012D66D /* QuartzCore.framework */ = {isa = PBXFileReference; lastKnownFileType = wrapper.framework; name = QuartzCore.framework; path = System/Library/Frameworks/QuartzCore.framework; sourceTree = SDKROOT; };
		9DF66E8A12483BE30012D66D /* Icon-72-transparent.png */ = {isa = PBXFileReference; lastKnownFileType = image.png; name = "Icon-72-transparent.png"; path = "Resources/Icon-72-transparent.png"; sourceTree = "<group>"; };
		D5EA8AF217DEAAA300B4FCAC /* iProxy copy.app */ = {isa = PBXFileReference; explicitFileType = wrapper.application; includeInIndex = 0; path = "iProxy copy.app"; sourceTree = BUILT_PRODUCTS_DIR; };
		D5EA8AF317DEAAA400B4FCAC /* iProxy copy-Info.plist */ = {isa = PBXFileReference; lastKnownFileType = text.plist.xml; name = "iProxy copy-Info.plist"; path = "/Users/camilin/Cocoa/iProxy/iProxy copy-Info.plist"; sourceTree = "<absolute>"; };
/* End PBXFileReference section */

/* Begin PBXFrameworksBuildPhase section */
		D5EA8AE417DEAAA300B4FCAC /* Frameworks */ = {
			isa = PBXFrameworksBuildPhase;
			buildActionMask = 2147483647;
			files = (
				D5EA8AE517DEAAA300B4FCAC /* Foundation.framework in Frameworks */,
				D5EA8AE617DEAAA300B4FCAC /* UIKit.framework in Frameworks */,
				D5EA8AE717DEAAA300B4FCAC /* CoreGraphics.framework in Frameworks */,
				D5EA8AE817DEAAA300B4FCAC /* CFNetwork.framework in Frameworks */,
				D5EA8AE917DEAAA300B4FCAC /* MessageUI.framework in Frameworks */,
				D5EA8AEA17DEAAA300B4FCAC /* MobileCoreServices.framework in Frameworks */,
				D5EA8AEB17DEAAA300B4FCAC /* AVFoundation.framework in Frameworks */,
				D5EA8AEC17DEAAA300B4FCAC /* QuartzCore.framework in Frameworks */,
			);
			runOnlyForDeploymentPostprocessing = 0;
		};
/* End PBXFrameworksBuildPhase section */

/* Begin PBXGroup section */
		19C28FACFE9D520D11CA2CBB /* Products */ = {
			isa = PBXGroup;
			children = (
				D5EA8AF217DEAAA300B4FCAC /* iProxy copy.app */,
			);
			name = Products;
			sourceTree = "<group>";
		};
		29B97314FDCFA39411CA2CEA /* CustomTemplate */ = {
			isa = PBXGroup;
			children = (
				9D63174410FEACBE0041EE37 /* Classes */,
				29B97315FDCFA39411CA2CEA /* Other Sources */,
				29B97317FDCFA39411CA2CEA /* Resources */,
				29B97323FDCFA39411CA2CEA /* Frameworks */,
				19C28FACFE9D520D11CA2CBB /* Products */,
				D5EA8AF317DEAAA400B4FCAC /* iProxy copy-Info.plist */,
			);
			name = CustomTemplate;
			sourceTree = "<group>";
		};
		29B97315FDCFA39411CA2CEA /* Other Sources */ = {
			isa = PBXGroup;
			children = (
				9D63173A10FEAC980041EE37 /* main.m */,
				9D63173710FEAC8B0041EE37 /* route.h */,
				9D63173B10FEAC980041EE37 /* Prefix.pch */,
			);
			name = "Other Sources";
			sourceTree = "<group>";
		};
		29B97317FDCFA39411CA2CEA /* Resources */ = {
			isa = PBXGroup;
			children = (
				9D3ECC5F1244F6A1002B5F7E /* Icons */,
				9DE52B1A110E77920035266A /* Nibs */,
				9D63174510FEACD30041EE37 /* Info.plist */,
				9D94CB7F110E727700F8C260 /* Default.png */,
				9DDA4C7A124E4E2300BF30F3 /* Default@2x.png */,
				9D2224E41105E6A6003F4E04 /* Entitlements.plist */,
				9D06AE951237D37400470CEC /* polipo.config */,
				9D3438121242149300629728 /* silence.wav */,
			);
			name = Resources;
			sourceTree = "<group>";
		};
		29B97323FDCFA39411CA2CEA /* Frameworks */ = {
			isa = PBXGroup;
			children = (
				9D7AC119124BD80C00A31FE2 /* srelay */,
				9D71D7AD1237A53C008538A1 /* polipo */,
				3A18D6B3119DC7E300C56A7A /* CFNetwork.framework */,
				1DF5F4DF0D08C38300B7A737 /* UIKit.framework */,
				1D30AB110D05D00D00671497 /* Foundation.framework */,
				288765A40DF7441C002DB57D /* CoreGraphics.framework */,
				0267229C12444EA000A2EACF /* Cocoa.framework */,
				0275613D124AD4AD00B64593 /* MessageUI.framework */,
				020BC9CD124ADBD000E2E1F2 /* MobileCoreServices.framework */,
				9D3437F812420C5A00629728 /* AVFoundation.framework */,
				9DF66E4B124839050012D66D /* QuartzCore.framework */,
			);
			name = Frameworks;
			sourceTree = "<group>";
		};
		3A18D67F119DC6F700C56A7A /* WebServer */ = {
			isa = PBXGroup;
			children = (
				9D83D36011B9AF5C00A9922F /* PacFileResponse.h */,
				9D83D36111B9AF5C00A9922F /* PacFileResponse.m */,
				9D83D36211B9AF5C00A9922F /* HTTPResponseHandler.h */,
				9D83D36311B9AF5C00A9922F /* HTTPResponseHandler.m */,
				9D83D36411B9AF5C00A9922F /* HTTPServer.h */,
				9D83D36511B9AF5C00A9922F /* HTTPServer.m */,
				9D83D36611B9AF5C00A9922F /* SynthesizeSingleton.h */,
			);
			name = WebServer;
			sourceTree = "<group>";
		};
		9D3ECC5F1244F6A1002B5F7E /* Icons */ = {
			isa = PBXGroup;
			children = (
				9D211195110637FB009C3C7C /* iTunesArtwork */,
				9D5B3C5E1103D4E2003C8FCF /* Icon.png */,
				9D3ECC611244F6BA002B5F7E /* Icon@2x.png */,
				9D3ECC631244F6C3002B5F7E /* Icon-72.png */,
				9D3ECC651244F6CE002B5F7E /* Icon-Small.png */,
				9D3ECC671244F6D9002B5F7E /* Icon-Small-50.png */,
				9D3ECC691244F6E3002B5F7E /* Icon-Small@2x.png */,
				9DF66E8A12483BE30012D66D /* Icon-72-transparent.png */,
			);
			name = Icons;
			sourceTree = "<group>";
		};
		9D63174410FEACBE0041EE37 /* Classes */ = {
			isa = PBXGroup;
			children = (
				9DF66D6412482AF70012D66D /* Additions */,
				3A18D67F119DC6F700C56A7A /* WebServer */,
				9DDA4C62124E4AD200BF30F3 /* ViewControllers */,
				9D63173310FEAC8B0041EE37 /* AppDelegate.h */,
				9D63173410FEAC8B0041EE37 /* AppDelegate.m */,
			);
			name = Classes;
			sourceTree = "<group>";
		};
		9D71D7AD1237A53C008538A1 /* polipo */ = {
			isa = PBXGroup;
			children = (
				9D71D7B81237A598008538A1 /* atom.c */,
				9D71D7B91237A598008538A1 /* atom.h */,
				9D71D7BA1237A598008538A1 /* auth.c */,
				9D71D7BB1237A598008538A1 /* auth.h */,
				9D71D7BC1237A598008538A1 /* chunk.c */,
				9D71D7BD1237A598008538A1 /* chunk.h */,
				9D71D7BE1237A598008538A1 /* client.c */,
				9D71D7BF1237A598008538A1 /* client.h */,
				9D71D7C01237A598008538A1 /* config.c */,
				9D71D7C11237A598008538A1 /* config.h */,
				9D71D7C21237A598008538A1 /* diskcache.c */,
				9D71D7C31237A598008538A1 /* diskcache.h */,
				9D71D7C41237A598008538A1 /* dns.c */,
				9D71D7C51237A598008538A1 /* dns.h */,
				9D71D7C61237A598008538A1 /* event.c */,
				9D71D7C71237A598008538A1 /* event.h */,
				9D71D7C81237A598008538A1 /* forbidden.c */,
				9D71D7C91237A598008538A1 /* forbidden.h */,
				9D71D7CA1237A598008538A1 /* fts_compat.c */,
				9D71D7CB1237A598008538A1 /* fts_compat.h */,
				9D71D7CC1237A598008538A1 /* ftsimport.c */,
				9D71D7CD1237A598008538A1 /* ftsimport.h */,
				9D71D7CE1237A598008538A1 /* http_parse.c */,
				9D71D7CF1237A598008538A1 /* http_parse.h */,
				9D71D7D01237A598008538A1 /* http.c */,
				9D71D7D11237A598008538A1 /* http.h */,
				9D71D7D21237A598008538A1 /* io.c */,
				9D71D7D31237A598008538A1 /* io.h */,
				9D71D7D41237A598008538A1 /* local.c */,
				9D71D7D51237A598008538A1 /* local.h */,
				9D71D7D61237A598008538A1 /* log.c */,
				9D71D7D71237A598008538A1 /* log.h */,
				9D71D7D81237A598008538A1 /* main.c */,
				9D71D7D91237A598008538A1 /* md5.c */,
				9D71D7DA1237A598008538A1 /* md5.h */,
				9D71D7DD1237A598008538A1 /* mingw.c */,
				9D71D7DE1237A598008538A1 /* mingw.h */,
				9D71D7DF1237A598008538A1 /* object.c */,
				9D71D7E01237A598008538A1 /* object.h */,
				9D71D7E11237A598008538A1 /* parse_time.c */,
				9D71D7E21237A598008538A1 /* parse_time.h */,
				9D71D7E31237A598008538A1 /* polipo.h */,
				9D71D7E41237A598008538A1 /* server.c */,
				9D71D7E51237A598008538A1 /* server.h */,
				9D71D7E61237A598008538A1 /* socks.c */,
				9D71D7E71237A598008538A1 /* socks.h */,
				9D71D7E81237A598008538A1 /* tunnel.c */,
				9D71D7E91237A598008538A1 /* tunnel.h */,
				9D71D7EA1237A598008538A1 /* util.c */,
				9D71D7EB1237A598008538A1 /* util.h */,
			);
			name = polipo;
			sourceTree = "<group>";
		};
		9D7AC119124BD80C00A31FE2 /* srelay */ = {
			isa = PBXGroup;
			children = (
				9D7AC11A124BD80C00A31FE2 /* auth-pwd.c */,
				9D7AC121124BD80C00A31FE2 /* get-bind.c */,
				9D7AC122124BD80C00A31FE2 /* init.c */,
				9D7AC125124BD80C00A31FE2 /* main.c */,
				9D7AC127124BD80C00A31FE2 /* readconf.c */,
				9D7AC128124BD80C00A31FE2 /* relay.c */,
				9D7AC12F124BD80C00A31FE2 /* socks.c */,
				9D7AC132124BD80C00A31FE2 /* srelay.h */,
				9D7AC134124BD80C00A31FE2 /* util.c */,
				9D7AC135124BD80C00A31FE2 /* v6defs.h */,
			);
			name = srelay;
			path = "Frameworks/srelay-0.4.7p3";
			sourceTree = "<group>";
		};
		9DDA4C62124E4AD200BF30F3 /* ViewControllers */ = {
			isa = PBXGroup;
			children = (
				9D63173510FEAC8B0041EE37 /* MainViewController.h */,
				9D63173610FEAC8B0041EE37 /* MainViewController.m */,
				9DDA4C2B124E460D00BF30F3 /* InfoViewController.h */,
				9DDA4C2C124E460D00BF30F3 /* InfoViewController.m */,
			);
			name = ViewControllers;
			sourceTree = "<group>";
		};
		9DE52B1A110E77920035266A /* Nibs */ = {
			isa = PBXGroup;
			children = (
				9D63174610FEACD30041EE37 /* MainViewController.xib */,
				9D63174710FEACD30041EE37 /* MainWindow.xib */,
				9DDA4C30124E466C00BF30F3 /* InfoViewController.xib */,
			);
			name = Nibs;
			sourceTree = "<group>";
		};
		9DF66D6412482AF70012D66D /* Additions */ = {
			isa = PBXGroup;
			children = (
				9D79C2BD124E7173008F7F98 /* NSStringAdditions.h */,
				9D79C2BE124E7173008F7F98 /* NSStringAdditions.m */,
				9DF66D6512482B170012D66D /* UIDeviceAdditions.h */,
				9DF66D6612482B170012D66D /* UIDeviceAdditions.m */,
				9DF66DAE124830AF0012D66D /* UIViewAdditions.h */,
				9DF66DAF124830AF0012D66D /* UIViewAdditions.m */,
			);
			name = Additions;
			sourceTree = "<group>";
		};
/* End PBXGroup section */

/* Begin PBXNativeTarget section */
		D5EA8AA617DEAAA300B4FCAC /* iProxyiOS */ = {
			isa = PBXNativeTarget;
			buildConfigurationList = D5EA8AEE17DEAAA300B4FCAC /* Build configuration list for PBXNativeTarget "iProxyiOS" */;
			buildPhases = (
				D5EA8AA717DEAAA300B4FCAC /* Resources */,
				D5EA8AB817DEAAA300B4FCAC /* Sources */,
				D5EA8AE417DEAAA300B4FCAC /* Frameworks */,
				D5EA8AED17DEAAA300B4FCAC /* ShellScript */,
			);
			buildRules = (
			);
			dependencies = (
			);
			name = iProxyiOS;
			productName = iProxy;
			productReference = D5EA8AF217DEAAA300B4FCAC /* iProxy copy.app */;
			productType = "com.apple.product-type.application";
		};
/* End PBXNativeTarget section */

/* Begin PBXProject section */
		29B97313FDCFA39411CA2CEA /* Project object */ = {
			isa = PBXProject;
			attributes = {
				LastUpgradeCheck = 0460;
			};
			buildConfigurationList = C01FCF4E08A954540054247B /* Build configuration list for PBXProject "iProxy" */;
			compatibilityVersion = "Xcode 3.2";
			developmentRegion = English;
			hasScannedForEncodings = 1;
			knownRegions = (
				English,
				Japanese,
				French,
				German,
			);
			mainGroup = 29B97314FDCFA39411CA2CEA /* CustomTemplate */;
			projectDirPath = "";
			projectRoot = "";
			targets = (
				D5EA8AA617DEAAA300B4FCAC /* iProxyiOS */,
			);
		};
/* End PBXProject section */

/* Begin PBXResourcesBuildPhase section */
		D5EA8AA717DEAAA300B4FCAC /* Resources */ = {
			isa = PBXResourcesBuildPhase;
			buildActionMask = 2147483647;
			files = (
				D5EA8AA817DEAAA300B4FCAC /* MainViewController.xib in Resources */,
				D5EA8AA917DEAAA300B4FCAC /* MainWindow.xib in Resources */,
				D5EA8AAA17DEAAA300B4FCAC /* Icon.png in Resources */,
				D5EA8AAB17DEAAA300B4FCAC /* Entitlements.plist in Resources */,
				D5EA8AAC17DEAAA300B4FCAC /* iTunesArtwork in Resources */,
				D5EA8AAD17DEAAA300B4FCAC /* Default.png in Resources */,
				D5EA8AAE17DEAAA300B4FCAC /* polipo.config in Resources */,
				D5EA8AAF17DEAAA300B4FCAC /* silence.wav in Resources */,
				D5EA8AB017DEAAA300B4FCAC /* Icon@2x.png in Resources */,
				D5EA8AB117DEAAA300B4FCAC /* Icon-72.png in Resources */,
				D5EA8AB217DEAAA300B4FCAC /* Icon-Small.png in Resources */,
				D5EA8AB317DEAAA300B4FCAC /* Icon-Small-50.png in Resources */,
				D5EA8AB417DEAAA300B4FCAC /* Icon-Small@2x.png in Resources */,
				D5EA8AB517DEAAA300B4FCAC /* Icon-72-transparent.png in Resources */,
				D5EA8AB617DEAAA300B4FCAC /* InfoViewController.xib in Resources */,
				D5EA8AB717DEAAA300B4FCAC /* Default@2x.png in Resources */,
			);
			runOnlyForDeploymentPostprocessing = 0;
		};
/* End PBXResourcesBuildPhase section */

/* Begin PBXShellScriptBuildPhase section */
		D5EA8AED17DEAAA300B4FCAC /* ShellScript */ = {
			isa = PBXShellScriptBuildPhase;
			buildActionMask = 2147483647;
			files = (
			);
			inputPaths = (
			);
			outputPaths = (
			);
			runOnlyForDeploymentPostprocessing = 0;
			shellPath = /bin/sh;
			shellScript = "ROOT=`pwd`\nVERSION=`/usr/libexec/PlistBuddy -c \"Print :CFBundleVersion\" Resources/Info.plist`\n\nrm -f $ROOT/build/$PRODUCT_NAME.zip\n\nif [ -f \"$ROOT/Distribution.mobileprovision\" ]; then\n  cp $ROOT/Distribution.mobileprovision $TARGET_BUILD_DIR\nfi\n\n/usr/bin/ditto -c -k --sequesterRsrc \"$TARGET_BUILD_DIR\" \"$ROOT/build/$PRODUCT_NAME-$VERSION.zip\"";
			showEnvVarsInLog = 0;
		};
/* End PBXShellScriptBuildPhase section */

/* Begin PBXSourcesBuildPhase section */
		D5EA8AB817DEAAA300B4FCAC /* Sources */ = {
			isa = PBXSourcesBuildPhase;
			buildActionMask = 2147483647;
			files = (
				D5EA8AB917DEAAA300B4FCAC /* AppDelegate.m in Sources */,
				D5EA8ABA17DEAAA300B4FCAC /* MainViewController.m in Sources */,
				D5EA8ABB17DEAAA300B4FCAC /* main.m in Sources */,
				D5EA8ABC17DEAAA300B4FCAC /* PacFileResponse.m in Sources */,
				D5EA8ABD17DEAAA300B4FCAC /* HTTPResponseHandler.m in Sources */,
				D5EA8ABE17DEAAA300B4FCAC /* HTTPServer.m in Sources */,
				D5EA8ABF17DEAAA300B4FCAC /* atom.c in Sources */,
				D5EA8AC017DEAAA300B4FCAC /* auth.c in Sources */,
				D5EA8AC117DEAAA300B4FCAC /* chunk.c in Sources */,
				D5EA8AC217DEAAA300B4FCAC /* client.c in Sources */,
				D5EA8AC317DEAAA300B4FCAC /* config.c in Sources */,
				D5EA8AC417DEAAA300B4FCAC /* diskcache.c in Sources */,
				D5EA8AC517DEAAA300B4FCAC /* dns.c in Sources */,
				D5EA8AC617DEAAA300B4FCAC /* event.c in Sources */,
				D5EA8AC717DEAAA300B4FCAC /* forbidden.c in Sources */,
				D5EA8AC817DEAAA300B4FCAC /* fts_compat.c in Sources */,
				D5EA8AC917DEAAA300B4FCAC /* ftsimport.c in Sources */,
				D5EA8ACA17DEAAA300B4FCAC /* http_parse.c in Sources */,
				D5EA8ACB17DEAAA300B4FCAC /* http.c in Sources */,
				D5EA8ACC17DEAAA300B4FCAC /* io.c in Sources */,
				D5EA8ACD17DEAAA300B4FCAC /* local.c in Sources */,
				D5EA8ACE17DEAAA300B4FCAC /* log.c in Sources */,
				D5EA8ACF17DEAAA300B4FCAC /* main.c in Sources */,
				D5EA8AD017DEAAA300B4FCAC /* md5.c in Sources */,
				D5EA8AD117DEAAA300B4FCAC /* mingw.c in Sources */,
				D5EA8AD217DEAAA300B4FCAC /* object.c in Sources */,
				D5EA8AD317DEAAA300B4FCAC /* parse_time.c in Sources */,
				D5EA8AD417DEAAA300B4FCAC /* server.c in Sources */,
				D5EA8AD517DEAAA300B4FCAC /* socks.c in Sources */,
				D5EA8AD617DEAAA300B4FCAC /* tunnel.c in Sources */,
				D5EA8AD717DEAAA300B4FCAC /* util.c in Sources */,
				D5EA8AD817DEAAA300B4FCAC /* UIDeviceAdditions.m in Sources */,
				D5EA8AD917DEAAA300B4FCAC /* UIViewAdditions.m in Sources */,
				D5EA8ADA17DEAAA300B4FCAC /* auth-pwd.c in Sources */,
				D5EA8ADB17DEAAA300B4FCAC /* get-bind.c in Sources */,
				D5EA8ADC17DEAAA300B4FCAC /* init.c in Sources */,
				D5EA8ADD17DEAAA300B4FCAC /* main.c in Sources */,
				D5EA8ADE17DEAAA300B4FCAC /* readconf.c in Sources */,
				D5EA8ADF17DEAAA300B4FCAC /* relay.c in Sources */,
				D5EA8AE017DEAAA300B4FCAC /* socks.c in Sources */,
				D5EA8AE117DEAAA300B4FCAC /* util.c in Sources */,
				D5EA8AE217DEAAA300B4FCAC /* InfoViewController.m in Sources */,
				D5EA8AE317DEAAA300B4FCAC /* NSStringAdditions.m in Sources */,
			);
			runOnlyForDeploymentPostprocessing = 0;
		};
/* End PBXSourcesBuildPhase section */

/* Begin XCBuildConfiguration section */
		9D2224DD1105E60B003F4E04 /* Ad-hoc */ = {
			isa = XCBuildConfiguration;
			buildSettings = {
				ARCHS = "$(ARCHS_STANDARD_32_BIT)";
				"CODE_SIGN_IDENTITY[sdk=iphoneos*]" = "iPhone Developer";
				GCC_C_LANGUAGE_STANDARD = c99;
				GCC_VERSION = "";
				GCC_WARN_ABOUT_RETURN_TYPE = YES;
				GCC_WARN_UNUSED_VARIABLE = YES;
				IPHONEOS_DEPLOYMENT_TARGET = 3.1;
				ONLY_ACTIVE_ARCH = NO;
				"PROVISIONING_PROFILE[sdk=iphoneos*]" = "";
				SDKROOT = iphoneos;
				TARGETED_DEVICE_FAMILY = 1;
				VALIDATE_PRODUCT = YES;
			};
			name = "Ad-hoc";
		};
		C01FCF4F08A954540054247B /* Debug */ = {
			isa = XCBuildConfiguration;
			buildSettings = {
				ARCHS = "$(ARCHS_STANDARD_32_BIT)";
				"CODE_SIGN_IDENTITY[sdk=iphoneos*]" = "iPhone Developer";
				GCC_C_LANGUAGE_STANDARD = c99;
				GCC_VERSION = "";
				GCC_WARN_ABOUT_RETURN_TYPE = YES;
				GCC_WARN_UNUSED_VARIABLE = YES;
				ONLY_ACTIVE_ARCH = NO;
				"PROVISIONING_PROFILE[sdk=iphoneos*]" = "";
				SDKROOT = iphoneos;
			};
			name = Debug;
		};
		C01FCF5008A954540054247B /* Release */ = {
			isa = XCBuildConfiguration;
			buildSettings = {
				ARCHS = "$(ARCHS_STANDARD_32_BIT)";
				"CODE_SIGN_IDENTITY[sdk=iphoneos*]" = "iPhone Developer";
				GCC_C_LANGUAGE_STANDARD = c99;
				GCC_VERSION = "";
				GCC_WARN_ABOUT_RETURN_TYPE = YES;
				GCC_WARN_UNUSED_VARIABLE = YES;
				IPHONEOS_DEPLOYMENT_TARGET = 3.1;
				ONLY_ACTIVE_ARCH = NO;
				"PROVISIONING_PROFILE[sdk=iphoneos*]" = "";
				SDKROOT = iphoneos;
				TARGETED_DEVICE_FAMILY = 1;
			};
			name = Release;
		};
		D5EA8AEF17DEAAA300B4FCAC /* Debug */ = {
			isa = XCBuildConfiguration;
			buildSettings = {
				ALWAYS_SEARCH_USER_PATHS = NO;
				CODE_SIGN_IDENTITY = "iPhone Developer: Camilo Sanchez (76N296MP2S)";
				"CODE_SIGN_IDENTITY[sdk=iphoneos*]" = "iPhone Developer: Camilo Sanchez (76N296MP2S)";
				COMBINE_HIDPI_IMAGES = YES;
				COPY_PHASE_STRIP = NO;
				GCC_DYNAMIC_NO_PIC = NO;
				GCC_OPTIMIZATION_LEVEL = 0;
				GCC_PRECOMPILE_PREFIX_HEADER = YES;
				GCC_PREFIX_HEADER = Sources/Prefix.pch;
				GCC_PREPROCESSOR_DEFINITIONS = "";
				GCC_VERSION = com.apple.compilers.llvm.clang.1_0;
				INFOPLIST_FILE = "iProxy copy-Info.plist";
				IPHONEOS_DEPLOYMENT_TARGET = 3.1.3;
				OTHER_LDFLAGS = "";
				PRODUCT_NAME = "iProxy copy";
				PROVISIONING_PROFILE = "61D314A7-CE44-4756-A7B3-2CADEE9A7555";
				"PROVISIONING_PROFILE[sdk=iphoneos*]" = "61D314A7-CE44-4756-A7B3-2CADEE9A7555";
				SDKROOT = iphoneos;
				TARGETED_DEVICE_FAMILY = 1;
			};
			name = Debug;
		};
		D5EA8AF017DEAAA300B4FCAC /* Release */ = {
			isa = XCBuildConfiguration;
			buildSettings = {
				ALWAYS_SEARCH_USER_PATHS = NO;
				CODE_SIGN_ENTITLEMENTS = "";
				CODE_SIGN_IDENTITY = "iPhone Developer: Camilo Sanchez (76N296MP2S)";
				"CODE_SIGN_IDENTITY[sdk=iphoneos*]" = "iPhone Developer: Camilo Sanchez (76N296MP2S)";
				COMBINE_HIDPI_IMAGES = YES;
				COPY_PHASE_STRIP = YES;
				GCC_PRECOMPILE_PREFIX_HEADER = YES;
				GCC_PREFIX_HEADER = Sources/Prefix.pch;
				GCC_PREPROCESSOR_DEFINITIONS = "";
				GCC_VERSION = com.apple.compilers.llvm.clang.1_0;
				INFOPLIST_FILE = "iProxy copy-Info.plist";
				OTHER_LDFLAGS = "";
				PRODUCT_NAME = "iProxy copy";
				PROVISIONING_PROFILE = "61D314A7-CE44-4756-A7B3-2CADEE9A7555";
				"PROVISIONING_PROFILE[sdk=iphoneos*]" = "61D314A7-CE44-4756-A7B3-2CADEE9A7555";
				SDKROOT = iphoneos;
			};
			name = Release;
		};
		D5EA8AF117DEAAA300B4FCAC /* Ad-hoc */ = {
			isa = XCBuildConfiguration;
			buildSettings = {
				ALWAYS_SEARCH_USER_PATHS = NO;
				CODE_SIGN_ENTITLEMENTS = Resources/Entitlements.plist;
				CODE_SIGN_IDENTITY = "iPhone Developer: Camilo Sanchez (76N296MP2S)";
				"CODE_SIGN_IDENTITY[sdk=iphoneos*]" = "iPhone Developer: Camilo Sanchez (76N296MP2S)";
				COMBINE_HIDPI_IMAGES = YES;
				COPY_PHASE_STRIP = YES;
				GCC_PRECOMPILE_PREFIX_HEADER = YES;
				GCC_PREFIX_HEADER = Sources/Prefix.pch;
				GCC_PREPROCESSOR_DEFINITIONS = "";
				GCC_VERSION = com.apple.compilers.llvm.clang.1_0;
				INFOPLIST_FILE = "iProxy copy-Info.plist";
				OTHER_LDFLAGS = "";
				PRODUCT_NAME = "iProxy copy";
				PROVISIONING_PROFILE = "61D314A7-CE44-4756-A7B3-2CADEE9A7555";
				"PROVISIONING_PROFILE[sdk=iphoneos*]" = "61D314A7-CE44-4756-A7B3-2CADEE9A7555";
				SDKROOT = iphoneos;
			};
			name = "Ad-hoc";
		};
/* End XCBuildConfiguration section */

/* Begin XCConfigurationList section */
		C01FCF4E08A954540054247B /* Build configuration list for PBXProject "iProxy" */ = {
			isa = XCConfigurationList;
			buildConfigurations = (
				C01FCF4F08A954540054247B /* Debug */,
				C01FCF5008A954540054247B /* Release */,
				9D2224DD1105E60B003F4E04 /* Ad-hoc */,
			);
			defaultConfigurationIsVisible = 0;
			defaultConfigurationName = Release;
		};
		D5EA8AEE17DEAAA300B4FCAC /* Build configuration list for PBXNativeTarget "iProxyiOS" */ = {
			isa = XCConfigurationList;
			buildConfigurations = (
				D5EA8AEF17DEAAA300B4FCAC /* Debug */,
				D5EA8AF017DEAAA300B4FCAC /* Release */,
				D5EA8AF117DEAAA300B4FCAC /* Ad-hoc */,
			);
			defaultConfigurationIsVisible = 0;
			defaultConfigurationName = Release;
		};
/* End XCConfigurationList section */
	};
	rootObject = 29B97313FDCFA39411CA2CEA /* Project object */;
}
